
Microsoft Visual Studio Solution File, Format Version 12.00
# Visual Studio 2012
Project("{FAE04EC0-301F-11D3-BF4B-00C04F79EFBC}") = "PickANick.Core", "PickANick.Core\PickANick.Core.csproj", "{068E808B-0FD8-41A1-9B2A-1997493CC454}"
EndProject
Project("{FAE04EC0-301F-11D3-BF4B-00C04F79EFBC}") = "PickANick.iOS", "PickANick.iOS\PickANick.iOS.csproj", "{9FD61724-785C-4FCD-8906-4FEF25E356AF}"
EndProject
Project("{FAE04EC0-301F-11D3-BF4B-00C04F79EFBC}") = "PickANick.Tests", "PickANick.Tests\PickANick.Tests.csproj", "{941DBD1B-55FB-4E53-8AE6-2A97C5E17A29}"
EndProject
Project("{FAE04EC0-301F-11D3-BF4B-00C04F79EFBC}") = "PickANick.Droid", "PickANick.Droid\PickANick.Droid.csproj", "{245C317A-EA93-4E0A-9071-3E419605BEB2}"
EndProject
Global
	GlobalSection(SolutionConfigurationPlatforms) = preSolution
		Ad-Hoc|Any CPU = Ad-Hoc|Any CPU
		Ad-Hoc|iPhone = Ad-Hoc|iPhone
		Ad-Hoc|iPhoneSimulator = Ad-Hoc|iPhoneSimulator
		Ad-Hoc|Mixed Platforms = Ad-Hoc|Mixed Platforms
		AppStore|Any CPU = AppStore|Any CPU
		AppStore|iPhone = AppStore|iPhone
		AppStore|iPhoneSimulator = AppStore|iPhoneSimulator
		AppStore|Mixed Platforms = AppStore|Mixed Platforms
		Debug|Any CPU = Debug|Any CPU
		Debug|iPhone = Debug|iPhone
		Debug|iPhoneSimulator = Debug|iPhoneSimulator
		Debug|Mixed Platforms = Debug|Mixed Platforms
		Release|Any CPU = Release|Any CPU
		Release|iPhone = Release|iPhone
		Release|iPhoneSimulator = Release|iPhoneSimulator
		Release|Mixed Platforms = Release|Mixed Platforms
	EndGlobalSection
	GlobalSection(ProjectConfigurationPlatforms) = postSolution
		{068E808B-0FD8-41A1-9B2A-1997493CC454}.Ad-Hoc|Any CPU.ActiveCfg = Release|Any CPU
		{068E808B-0FD8-41A1-9B2A-1997493CC454}.Ad-Hoc|Any CPU.Build.0 = Release|Any CPU
		{068E808B-0FD8-41A1-9B2A-1997493CC454}.Ad-Hoc|iPhone.ActiveCfg = Debug|Any CPU
		{068E808B-0FD8-41A1-9B2A-1997493CC454}.Ad-Hoc|iPhone.Build.0 = Debug|Any CPU
		{068E808B-0FD8-41A1-9B2A-1997493CC454}.Ad-Hoc|iPhoneSimulator.ActiveCfg = Release|Any CPU
		{068E808B-0FD8-41A1-9B2A-1997493CC454}.Ad-Hoc|Mixed Platforms.ActiveCfg = Debug|Any CPU
		{068E808B-0FD8-41A1-9B2A-1997493CC454}.Ad-Hoc|Mixed Platforms.Build.0 = Debug|Any CPU
		{068E808B-0FD8-41A1-9B2A-1997493CC454}.AppStore|Any CPU.ActiveCfg = Release|Any CPU
		{068E808B-0FD8-41A1-9B2A-1997493CC454}.AppStore|Any CPU.Build.0 = Release|Any CPU
		{068E808B-0FD8-41A1-9B2A-1997493CC454}.AppStore|iPhone.ActiveCfg = Debug|Any CPU
		{068E808B-0FD8-41A1-9B2A-1997493CC454}.AppStore|iPhone.Build.0 = Debug|Any CPU
		{068E808B-0FD8-41A1-9B2A-1997493CC454}.AppStore|iPhoneSimulator.ActiveCfg = Release|Any CPU
		{068E808B-0FD8-41A1-9B2A-1997493CC454}.AppStore|Mixed Platforms.ActiveCfg = Debug|Any CPU
		{068E808B-0FD8-41A1-9B2A-1997493CC454}.AppStore|Mixed Platforms.Build.0 = Debug|Any CPU
		{068E808B-0FD8-41A1-9B2A-1997493CC454}.Debug|Any CPU.ActiveCfg = Debug|Any CPU
		{068E808B-0FD8-41A1-9B2A-1997493CC454}.Debug|Any CPU.Build.0 = Debug|Any CPU
		{068E808B-0FD8-41A1-9B2A-1997493CC454}.Debug|iPhone.ActiveCfg = Debug|Any CPU
		{068E808B-0FD8-41A1-9B2A-1997493CC454}.Debug|iPhone.Build.0 = Debug|Any CPU
		{068E808B-0FD8-41A1-9B2A-1997493CC454}.Debug|iPhoneSimulator.ActiveCfg = Debug|Any CPU
		{068E808B-0FD8-41A1-9B2A-1997493CC454}.Debug|iPhoneSimulator.Build.0 = Debug|Any CPU
		{068E808B-0FD8-41A1-9B2A-1997493CC454}.Debug|Mixed Platforms.ActiveCfg = Debug|Any CPU
		{068E808B-0FD8-41A1-9B2A-1997493CC454}.Debug|Mixed Platforms.Build.0 = Debug|Any CPU
		{068E808B-0FD8-41A1-9B2A-1997493CC454}.Release|Any CPU.ActiveCfg = Release|Any CPU
		{068E808B-0FD8-41A1-9B2A-1997493CC454}.Release|Any CPU.Build.0 = Release|Any CPU
		{068E808B-0FD8-41A1-9B2A-1997493CC454}.Release|iPhone.ActiveCfg = Release|Any CPU
		{068E808B-0FD8-41A1-9B2A-1997493CC454}.Release|iPhone.Build.0 = Release|Any CPU
		{068E808B-0FD8-41A1-9B2A-1997493CC454}.Release|iPhoneSimulator.ActiveCfg = Release|Any CPU
		{068E808B-0FD8-41A1-9B2A-1997493CC454}.Release|iPhoneSimulator.Build.0 = Release|Any CPU
		{068E808B-0FD8-41A1-9B2A-1997493CC454}.Release|Mixed Platforms.ActiveCfg = Release|Any CPU
		{068E808B-0FD8-41A1-9B2A-1997493CC454}.Release|Mixed Platforms.Build.0 = Release|Any CPU
		{9FD61724-785C-4FCD-8906-4FEF25E356AF}.Ad-Hoc|Any CPU.ActiveCfg = Ad-Hoc|iPhone
		{9FD61724-785C-4FCD-8906-4FEF25E356AF}.Ad-Hoc|iPhone.ActiveCfg = Ad-Hoc|iPhone
		{9FD61724-785C-4FCD-8906-4FEF25E356AF}.Ad-Hoc|iPhone.Build.0 = Ad-Hoc|iPhone
		{9FD61724-785C-4FCD-8906-4FEF25E356AF}.Ad-Hoc|iPhoneSimulator.ActiveCfg = Ad-Hoc|iPhone
		{9FD61724-785C-4FCD-8906-4FEF25E356AF}.Ad-Hoc|Mixed Platforms.ActiveCfg = Ad-Hoc|iPhoneSimulator
		{9FD61724-785C-4FCD-8906-4FEF25E356AF}.Ad-Hoc|Mixed Platforms.Build.0 = Ad-Hoc|iPhoneSimulator
		{9FD61724-785C-4FCD-8906-4FEF25E356AF}.AppStore|Any CPU.ActiveCfg = AppStore|iPhone
		{9FD61724-785C-4FCD-8906-4FEF25E356AF}.AppStore|iPhone.ActiveCfg = AppStore|iPhone
		{9FD61724-785C-4FCD-8906-4FEF25E356AF}.AppStore|iPhone.Build.0 = AppStore|iPhone
		{9FD61724-785C-4FCD-8906-4FEF25E356AF}.AppStore|iPhoneSimulator.ActiveCfg = AppStore|iPhone
		{9FD61724-785C-4FCD-8906-4FEF25E356AF}.AppStore|Mixed Platforms.ActiveCfg = AppStore|iPhoneSimulator
		{9FD61724-785C-4FCD-8906-4FEF25E356AF}.AppStore|Mixed Platforms.Build.0 = AppStore|iPhoneSimulator
		{9FD61724-785C-4FCD-8906-4FEF25E356AF}.Debug|Any CPU.ActiveCfg = Debug|iPhoneSimulator
		{9FD61724-785C-4FCD-8906-4FEF25E356AF}.Debug|Any CPU.Build.0 = Debug|iPhoneSimulator
		{9FD61724-785C-4FCD-8906-4FEF25E356AF}.Debug|iPhone.ActiveCfg = Debug|iPhone
		{9FD61724-785C-4FCD-8906-4FEF25E356AF}.Debug|iPhone.Build.0 = Debug|iPhone
		{9FD61724-785C-4FCD-8906-4FEF25E356AF}.Debug|iPhoneSimulator.ActiveCfg = Debug|iPhoneSimulator
		{9FD61724-785C-4FCD-8906-4FEF25E356AF}.Debug|iPhoneSimulator.Build.0 = Debug|iPhoneSimulator
		{9FD61724-785C-4FCD-8906-4FEF25E356AF}.Debug|Mixed Platforms.ActiveCfg = Debug|iPhone
		{9FD61724-785C-4FCD-8906-4FEF25E356AF}.Debug|Mixed Platforms.Build.0 = Debug|iPhone
		{9FD61724-785C-4FCD-8906-4FEF25E356AF}.Release|Any CPU.ActiveCfg = Release|iPhoneSimulator
		{9FD61724-785C-4FCD-8906-4FEF25E356AF}.Release|Any CPU.Build.0 = Release|iPhoneSimulator
		{9FD61724-785C-4FCD-8906-4FEF25E356AF}.Release|iPhone.ActiveCfg = Release|iPhone
		{9FD61724-785C-4FCD-8906-4FEF25E356AF}.Release|iPhone.Build.0 = Release|iPhone
		{9FD61724-785C-4FCD-8906-4FEF25E356AF}.Release|iPhoneSimulator.ActiveCfg = Release|iPhoneSimulator
		{9FD61724-785C-4FCD-8906-4FEF25E356AF}.Release|iPhoneSimulator.Build.0 = Release|iPhoneSimulator
		{9FD61724-785C-4FCD-8906-4FEF25E356AF}.Release|Mixed Platforms.ActiveCfg = Release|iPhone
		{9FD61724-785C-4FCD-8906-4FEF25E356AF}.Release|Mixed Platforms.Build.0 = Release|iPhone
		{941DBD1B-55FB-4E53-8AE6-2A97C5E17A29}.Ad-Hoc|Any CPU.ActiveCfg = Release|Any CPU
		{941DBD1B-55FB-4E53-8AE6-2A97C5E17A29}.Ad-Hoc|Any CPU.Build.0 = Release|Any CPU
		{941DBD1B-55FB-4E53-8AE6-2A97C5E17A29}.Ad-Hoc|iPhone.ActiveCfg = Release|Any CPU
		{941DBD1B-55FB-4E53-8AE6-2A97C5E17A29}.Ad-Hoc|iPhoneSimulator.ActiveCfg = Release|Any CPU
		{941DBD1B-55FB-4E53-8AE6-2A97C5E17A29}.Ad-Hoc|Mixed Platforms.ActiveCfg = Debug|Any CPU
		{941DBD1B-55FB-4E53-8AE6-2A97C5E17A29}.Ad-Hoc|Mixed Platforms.Build.0 = Debug|Any CPU
		{941DBD1B-55FB-4E53-8AE6-2A97C5E17A29}.AppStore|Any CPU.ActiveCfg = Release|Any CPU
		{941DBD1B-55FB-4E53-8AE6-2A97C5E17A29}.AppStore|Any CPU.Build.0 = Release|Any CPU
		{941DBD1B-55FB-4E53-8AE6-2A97C5E17A29}.AppStore|iPhone.ActiveCfg = Release|Any CPU
		{941DBD1B-55FB-4E53-8AE6-2A97C5E17A29}.AppStore|iPhoneSimulator.ActiveCfg = Release|Any CPU
		{941DBD1B-55FB-4E53-8AE6-2A97C5E17A29}.AppStore|Mixed Platforms.ActiveCfg = Debug|Any CPU
		{941DBD1B-55FB-4E53-8AE6-2A97C5E17A29}.AppStore|Mixed Platforms.Build.0 = Debug|Any CPU
		{941DBD1B-55FB-4E53-8AE6-2A97C5E17A29}.Debug|Any CPU.ActiveCfg = Debug|Any CPU
		{941DBD1B-55FB-4E53-8AE6-2A97C5E17A29}.Debug|Any CPU.Build.0 = Debug|Any CPU
		{941DBD1B-55FB-4E53-8AE6-2A97C5E17A29}.Debug|iPhone.ActiveCfg = Debug|Any CPU
		{941DBD1B-55FB-4E53-8AE6-2A97C5E17A29}.Debug|iPhoneSimulator.ActiveCfg = Debug|Any CPU
		{941DBD1B-55FB-4E53-8AE6-2A97C5E17A29}.Debug|Mixed Platforms.ActiveCfg = Debug|Any CPU
		{941DBD1B-55FB-4E53-8AE6-2A97C5E17A29}.Debug|Mixed Platforms.Build.0 = Debug|Any CPU
		{941DBD1B-55FB-4E53-8AE6-2A97C5E17A29}.Release|Any CPU.ActiveCfg = Release|Any CPU
		{941DBD1B-55FB-4E53-8AE6-2A97C5E17A29}.Release|Any CPU.Build.0 = Release|Any CPU
		{941DBD1B-55FB-4E53-8AE6-2A97C5E17A29}.Release|iPhone.ActiveCfg = Release|Any CPU
		{941DBD1B-55FB-4E53-8AE6-2A97C5E17A29}.Release|iPhoneSimulator.ActiveCfg = Release|Any CPU
		{941DBD1B-55FB-4E53-8AE6-2A97C5E17A29}.Release|Mixed Platforms.ActiveCfg = Release|Any CPU
		{941DBD1B-55FB-4E53-8AE6-2A97C5E17A29}.Release|Mixed Platforms.Build.0 = Release|Any CPU
		{245C317A-EA93-4E0A-9071-3E419605BEB2}.Ad-Hoc|Any CPU.ActiveCfg = Release|Any CPU
		{245C317A-EA93-4E0A-9071-3E419605BEB2}.Ad-Hoc|Any CPU.Build.0 = Release|Any CPU
		{245C317A-EA93-4E0A-9071-3E419605BEB2}.Ad-Hoc|Any CPU.Deploy.0 = Release|Any CPU
		{245C317A-EA93-4E0A-9071-3E419605BEB2}.Ad-Hoc|iPhone.ActiveCfg = Release|Any CPU
		{245C317A-EA93-4E0A-9071-3E419605BEB2}.Ad-Hoc|iPhoneSimulator.ActiveCfg = Release|Any CPU
		{245C317A-EA93-4E0A-9071-3E419605BEB2}.Ad-Hoc|Mixed Platforms.ActiveCfg = Release|Any CPU
		{245C317A-EA93-4E0A-9071-3E419605BEB2}.Ad-Hoc|Mixed Platforms.Build.0 = Release|Any CPU
		{245C317A-EA93-4E0A-9071-3E419605BEB2}.Ad-Hoc|Mixed Platforms.Deploy.0 = Release|Any CPU
		{245C317A-EA93-4E0A-9071-3E419605BEB2}.AppStore|Any CPU.ActiveCfg = Release|Any CPU
		{245C317A-EA93-4E0A-9071-3E419605BEB2}.AppStore|Any CPU.Build.0 = Release|Any CPU
		{245C317A-EA93-4E0A-9071-3E419605BEB2}.AppStore|Any CPU.Deploy.0 = Release|Any CPU
		{245C317A-EA93-4E0A-9071-3E419605BEB2}.AppStore|iPhone.ActiveCfg = Release|Any CPU
		{245C317A-EA93-4E0A-9071-3E419605BEB2}.AppStore|iPhoneSimulator.ActiveCfg = Release|Any CPU
		{245C317A-EA93-4E0A-9071-3E419605BEB2}.AppStore|Mixed Platforms.ActiveCfg = Release|Any CPU
		{245C317A-EA93-4E0A-9071-3E419605BEB2}.AppStore|Mixed Platforms.Build.0 = Release|Any CPU
		{245C317A-EA93-4E0A-9071-3E419605BEB2}.AppStore|Mixed Platforms.Deploy.0 = Release|Any CPU
		{245C317A-EA93-4E0A-9071-3E419605BEB2}.Debug|Any CPU.ActiveCfg = Debug|Any CPU
		{245C317A-EA93-4E0A-9071-3E419605BEB2}.Debug|Any CPU.Build.0 = Debug|Any CPU
		{245C317A-EA93-4E0A-9071-3E419605BEB2}.Debug|Any CPU.Deploy.0 = Debug|Any CPU
		{245C317A-EA93-4E0A-9071-3E419605BEB2}.Debug|iPhone.ActiveCfg = Debug|Any CPU
		{245C317A-EA93-4E0A-9071-3E419605BEB2}.Debug|iPhoneSimulator.ActiveCfg = Debug|Any CPU
		{245C317A-EA93-4E0A-9071-3E419605BEB2}.Debug|Mixed Platforms.ActiveCfg = Debug|Any CPU
		{245C317A-EA93-4E0A-9071-3E419605BEB2}.Debug|Mixed Platforms.Build.0 = Debug|Any CPU
		{245C317A-EA93-4E0A-9071-3E419605BEB2}.Debug|Mixed Platforms.Deploy.0 = Debug|Any CPU
		{245C317A-EA93-4E0A-9071-3E419605BEB2}.Release|Any CPU.ActiveCfg = Release|Any CPU
		{245C317A-EA93-4E0A-9071-3E419605BEB2}.Release|Any CPU.Build.0 = Release|Any CPU
		{245C317A-EA93-4E0A-9071-3E419605BEB2}.Release|Any CPU.Deploy.0 = Release|Any CPU
		{245C317A-EA93-4E0A-9071-3E419605BEB2}.Release|iPhone.ActiveCfg = Release|Any CPU
		{245C317A-EA93-4E0A-9071-3E419605BEB2}.Release|iPhoneSimulator.ActiveCfg = Release|Any CPU
		{245C317A-EA93-4E0A-9071-3E419605BEB2}.Release|Mixed Platforms.ActiveCfg = Release|Any CPU
		{245C317A-EA93-4E0A-9071-3E419605BEB2}.Release|Mixed Platforms.Build.0 = Release|Any CPU
		{245C317A-EA93-4E0A-9071-3E419605BEB2}.Release|Mixed Platforms.Deploy.0 = Release|Any CPU
	EndGlobalSection
	GlobalSection(SolutionProperties) = preSolution
		HideSolutionNode = FALSE
	EndGlobalSection
	GlobalSection(MonoDevelopProperties) = preSolution
		StartupItem = PickANick.Core\PickANick.Core.csproj
	EndGlobalSection
EndGlobal
